
Microsoft Visual Studio Solution File, Format Version 12.00
# Visual Studio Version 16
VisualStudioVersion = 16.0.30621.155
MinimumVisualStudioVersion = 10.0.40219.1
Project("{FAE04EC0-301F-11D3-BF4B-00C04F79EFBC}") = "aspnetcoreıdentyegitim", "aspnetcoreıdentyegitim.csproj", "{5C1B02E0-A524-4734-8A3F-24993C5D59EF}"
EndProject
Global
	GlobalSection(SolutionConfigurationPlatforms) = preSolution
		Debug|Any CPU = Debug|Any CPU
		Release|Any CPU = Release|Any CPU
	EndGlobalSection
	GlobalSection(ProjectConfigurationPlatforms) = postSolution
		{5C1B02E0-A524-4734-8A3F-24993C5D59EF}.Debug|Any CPU.ActiveCfg = Debug|Any CPU
		{5C1B02E0-A524-4734-8A3F-24993C5D59EF}.Debug|Any CPU.Build.0 = Debug|Any CPU
		{5C1B02E0-A524-4734-8A3F-24993C5D59EF}.Release|Any CPU.ActiveCfg = Release|Any CPU
		{5C1B02E0-A524-4734-8A3F-24993C5D59EF}.Release|Any CPU.Build.0 = Release|Any CPU
	EndGlobalSection
	GlobalSection(SolutionProperties) = preSolution
		HideSolutionNode = FALSE
	EndGlobalSection
	GlobalSection(ExtensibilityGlobals) = postSolution
		SolutionGuid = {FDBB0E20-D40C-49A8-856E-35E94F77AC69}
	EndGlobalSection
EndGlobal
